
Microsoft Visual Studio Solution File, Format Version 12.00
# Visual Studio Version 17
VisualStudioVersion = 17.0.31903.59
MinimumVisualStudioVersion = 10.0.40219.1
Project("{2150E333-8FDC-42A3-9474-1A3956D46DE8}") = "src", "src", "{827E0CD3-B72D-47B6-A68D-7590B98EB39B}"
EndProject
Project("{FAE04EC0-301F-11D3-BF4B-00C04F79EFBC}") = "FinFlow.Domain", "src\FinFlow.Domain\FinFlow.Domain.csproj", "{6E152BF6-C532-46FD-98E3-E044E3D48473}"
EndProject
Project("{FAE04EC0-301F-11D3-BF4B-00C04F79EFBC}") = "FinFlow.Infrastructure", "src\FinFlow.Infrastructure\FinFlow.Infrastructure.csproj", "{DDFA6121-BB30-4780-A0B8-FD55C02D4412}"
EndProject
Project("{FAE04EC0-301F-11D3-BF4B-00C04F79EFBC}") = "FinFlow.Application", "src\FinFlow.Application\FinFlow.Application.csproj", "{4BAA298F-7463-4EE9-BBA1-FF6A88BE4FDE}"
EndProject
Project("{FAE04EC0-301F-11D3-BF4B-00C04F79EFBC}") = "FinFlow.Web", "src\FinFlow.Web\FinFlow.Web.csproj", "{F95B17B7-6F13-4CA0-A9F7-D1BD5B2B2FCF}"
EndProject
Project("{2150E333-8FDC-42A3-9474-1A3956D46DE8}") = "tests", "tests", "{0AB3BF05-4346-4AA6-1389-037BE0695223}"
EndProject
Project("{FAE04EC0-301F-11D3-BF4B-00C04F79EFBC}") = "FinFlow.Tests.Unit", "tests\FinFlow.Tests.Unit\FinFlow.Tests.Unit.csproj", "{83A272D1-9056-48AD-BF37-C1156824EDB4}"
EndProject
Project("{FAE04EC0-301F-11D3-BF4B-00C04F79EFBC}") = "FinFlow.Tests.Integration", "tests\FinFlow.Tests.Integration\FinFlow.Tests.Integration.csproj", "{D5A5996F-F096-4E6B-A168-5F088C69D427}"
EndProject
Project("{FAE04EC0-301F-11D3-BF4B-00C04F79EFBC}") = "FinFlow.Tests.E2E", "tests\FinFlow.Tests.E2E\FinFlow.Tests.E2E.csproj", "{74887E01-85ED-4109-8202-7B2997A04611}"
EndProject
Global
	GlobalSection(SolutionConfigurationPlatforms) = preSolution
		Debug|Any CPU = Debug|Any CPU
		Debug|x64 = Debug|x64
		Debug|x86 = Debug|x86
		Release|Any CPU = Release|Any CPU
		Release|x64 = Release|x64
		Release|x86 = Release|x86
	EndGlobalSection
	GlobalSection(ProjectConfigurationPlatforms) = postSolution
		{6E152BF6-C532-46FD-98E3-E044E3D48473}.Debug|Any CPU.ActiveCfg = Debug|Any CPU
		{6E152BF6-C532-46FD-98E3-E044E3D48473}.Debug|Any CPU.Build.0 = Debug|Any CPU
		{6E152BF6-C532-46FD-98E3-E044E3D48473}.Debug|x64.ActiveCfg = Debug|Any CPU
		{6E152BF6-C532-46FD-98E3-E044E3D48473}.Debug|x64.Build.0 = Debug|Any CPU
		{6E152BF6-C532-46FD-98E3-E044E3D48473}.Debug|x86.ActiveCfg = Debug|Any CPU
		{6E152BF6-C532-46FD-98E3-E044E3D48473}.Debug|x86.Build.0 = Debug|Any CPU
		{6E152BF6-C532-46FD-98E3-E044E3D48473}.Release|Any CPU.ActiveCfg = Release|Any CPU
		{6E152BF6-C532-46FD-98E3-E044E3D48473}.Release|Any CPU.Build.0 = Release|Any CPU
		{6E152BF6-C532-46FD-98E3-E044E3D48473}.Release|x64.ActiveCfg = Release|Any CPU
		{6E152BF6-C532-46FD-98E3-E044E3D48473}.Release|x64.Build.0 = Release|Any CPU
		{6E152BF6-C532-46FD-98E3-E044E3D48473}.Release|x86.ActiveCfg = Release|Any CPU
		{6E152BF6-C532-46FD-98E3-E044E3D48473}.Release|x86.Build.0 = Release|Any CPU
		{DDFA6121-BB30-4780-A0B8-FD55C02D4412}.Debug|Any CPU.ActiveCfg = Debug|Any CPU
		{DDFA6121-BB30-4780-A0B8-FD55C02D4412}.Debug|Any CPU.Build.0 = Debug|Any CPU
		{DDFA6121-BB30-4780-A0B8-FD55C02D4412}.Debug|x64.ActiveCfg = Debug|Any CPU
		{DDFA6121-BB30-4780-A0B8-FD55C02D4412}.Debug|x64.Build.0 = Debug|Any CPU
		{DDFA6121-BB30-4780-A0B8-FD55C02D4412}.Debug|x86.ActiveCfg = Debug|Any CPU
		{DDFA6121-BB30-4780-A0B8-FD55C02D4412}.Debug|x86.Build.0 = Debug|Any CPU
		{DDFA6121-BB30-4780-A0B8-FD55C02D4412}.Release|Any CPU.ActiveCfg = Release|Any CPU
		{DDFA6121-BB30-4780-A0B8-FD55C02D4412}.Release|Any CPU.Build.0 = Release|Any CPU
		{DDFA6121-BB30-4780-A0B8-FD55C02D4412}.Release|x64.ActiveCfg = Release|Any CPU
		{DDFA6121-BB30-4780-A0B8-FD55C02D4412}.Release|x64.Build.0 = Release|Any CPU
		{DDFA6121-BB30-4780-A0B8-FD55C02D4412}.Release|x86.ActiveCfg = Release|Any CPU
		{DDFA6121-BB30-4780-A0B8-FD55C02D4412}.Release|x86.Build.0 = Release|Any CPU
		{4BAA298F-7463-4EE9-BBA1-FF6A88BE4FDE}.Debug|Any CPU.ActiveCfg = Debug|Any CPU
		{4BAA298F-7463-4EE9-BBA1-FF6A88BE4FDE}.Debug|Any CPU.Build.0 = Debug|Any CPU
		{4BAA298F-7463-4EE9-BBA1-FF6A88BE4FDE}.Debug|x64.ActiveCfg = Debug|Any CPU
		{4BAA298F-7463-4EE9-BBA1-FF6A88BE4FDE}.Debug|x64.Build.0 = Debug|Any CPU
		{4BAA298F-7463-4EE9-BBA1-FF6A88BE4FDE}.Debug|x86.ActiveCfg = Debug|Any CPU
		{4BAA298F-7463-4EE9-BBA1-FF6A88BE4FDE}.Debug|x86.Build.0 = Debug|Any CPU
		{4BAA298F-7463-4EE9-BBA1-FF6A88BE4FDE}.Release|Any CPU.ActiveCfg = Release|Any CPU
		{4BAA298F-7463-4EE9-BBA1-FF6A88BE4FDE}.Release|Any CPU.Build.0 = Release|Any CPU
		{4BAA298F-7463-4EE9-BBA1-FF6A88BE4FDE}.Release|x64.ActiveCfg = Release|Any CPU
		{4BAA298F-7463-4EE9-BBA1-FF6A88BE4FDE}.Release|x64.Build.0 = Release|Any CPU
		{4BAA298F-7463-4EE9-BBA1-FF6A88BE4FDE}.Release|x86.ActiveCfg = Release|Any CPU
		{4BAA298F-7463-4EE9-BBA1-FF6A88BE4FDE}.Release|x86.Build.0 = Release|Any CPU
		{F95B17B7-6F13-4CA0-A9F7-D1BD5B2B2FCF}.Debug|Any CPU.ActiveCfg = Debug|Any CPU
		{F95B17B7-6F13-4CA0-A9F7-D1BD5B2B2FCF}.Debug|Any CPU.Build.0 = Debug|Any CPU
		{F95B17B7-6F13-4CA0-A9F7-D1BD5B2B2FCF}.Debug|x64.ActiveCfg = Debug|Any CPU
		{F95B17B7-6F13-4CA0-A9F7-D1BD5B2B2FCF}.Debug|x64.Build.0 = Debug|Any CPU
		{F95B17B7-6F13-4CA0-A9F7-D1BD5B2B2FCF}.Debug|x86.ActiveCfg = Debug|Any CPU
		{F95B17B7-6F13-4CA0-A9F7-D1BD5B2B2FCF}.Debug|x86.Build.0 = Debug|Any CPU
		{F95B17B7-6F13-4CA0-A9F7-D1BD5B2B2FCF}.Release|Any CPU.ActiveCfg = Release|Any CPU
		{F95B17B7-6F13-4CA0-A9F7-D1BD5B2B2FCF}.Release|Any CPU.Build.0 = Release|Any CPU
		{F95B17B7-6F13-4CA0-A9F7-D1BD5B2B2FCF}.Release|x64.ActiveCfg = Release|Any CPU
		{F95B17B7-6F13-4CA0-A9F7-D1BD5B2B2FCF}.Release|x64.Build.0 = Release|Any CPU
		{F95B17B7-6F13-4CA0-A9F7-D1BD5B2B2FCF}.Release|x86.ActiveCfg = Release|Any CPU
		{F95B17B7-6F13-4CA0-A9F7-D1BD5B2B2FCF}.Release|x86.Build.0 = Release|Any CPU
		{83A272D1-9056-48AD-BF37-C1156824EDB4}.Debug|Any CPU.ActiveCfg = Debug|Any CPU
		{83A272D1-9056-48AD-BF37-C1156824EDB4}.Debug|Any CPU.Build.0 = Debug|Any CPU
		{83A272D1-9056-48AD-BF37-C1156824EDB4}.Debug|x64.ActiveCfg = Debug|Any CPU
		{83A272D1-9056-48AD-BF37-C1156824EDB4}.Debug|x64.Build.0 = Debug|Any CPU
		{83A272D1-9056-48AD-BF37-C1156824EDB4}.Debug|x86.ActiveCfg = Debug|Any CPU
		{83A272D1-9056-48AD-BF37-C1156824EDB4}.Debug|x86.Build.0 = Debug|Any CPU
		{83A272D1-9056-48AD-BF37-C1156824EDB4}.Release|Any CPU.ActiveCfg = Release|Any CPU
		{83A272D1-9056-48AD-BF37-C1156824EDB4}.Release|Any CPU.Build.0 = Release|Any CPU
		{83A272D1-9056-48AD-BF37-C1156824EDB4}.Release|x64.ActiveCfg = Release|Any CPU
		{83A272D1-9056-48AD-BF37-C1156824EDB4}.Release|x64.Build.0 = Release|Any CPU
		{83A272D1-9056-48AD-BF37-C1156824EDB4}.Release|x86.ActiveCfg = Release|Any CPU
		{83A272D1-9056-48AD-BF37-C1156824EDB4}.Release|x86.Build.0 = Release|Any CPU
		{D5A5996F-F096-4E6B-A168-5F088C69D427}.Debug|Any CPU.ActiveCfg = Debug|Any CPU
		{D5A5996F-F096-4E6B-A168-5F088C69D427}.Debug|Any CPU.Build.0 = Debug|Any CPU
		{D5A5996F-F096-4E6B-A168-5F088C69D427}.Debug|x64.ActiveCfg = Debug|Any CPU
		{D5A5996F-F096-4E6B-A168-5F088C69D427}.Debug|x64.Build.0 = Debug|Any CPU
		{D5A5996F-F096-4E6B-A168-5F088C69D427}.Debug|x86.ActiveCfg = Debug|Any CPU
		{D5A5996F-F096-4E6B-A168-5F088C69D427}.Debug|x86.Build.0 = Debug|Any CPU
		{D5A5996F-F096-4E6B-A168-5F088C69D427}.Release|Any CPU.ActiveCfg = Release|Any CPU
		{D5A5996F-F096-4E6B-A168-5F088C69D427}.Release|Any CPU.Build.0 = Release|Any CPU
		{D5A5996F-F096-4E6B-A168-5F088C69D427}.Release|x64.ActiveCfg = Release|Any CPU
		{D5A5996F-F096-4E6B-A168-5F088C69D427}.Release|x64.Build.0 = Release|Any CPU
		{D5A5996F-F096-4E6B-A168-5F088C69D427}.Release|x86.ActiveCfg = Release|Any CPU
		{D5A5996F-F096-4E6B-A168-5F088C69D427}.Release|x86.Build.0 = Release|Any CPU
		{74887E01-85ED-4109-8202-7B2997A04611}.Debug|Any CPU.ActiveCfg = Debug|Any CPU
		{74887E01-85ED-4109-8202-7B2997A04611}.Debug|Any CPU.Build.0 = Debug|Any CPU
		{74887E01-85ED-4109-8202-7B2997A04611}.Debug|x64.ActiveCfg = Debug|Any CPU
		{74887E01-85ED-4109-8202-7B2997A04611}.Debug|x64.Build.0 = Debug|Any CPU
		{74887E01-85ED-4109-8202-7B2997A04611}.Debug|x86.ActiveCfg = Debug|Any CPU
		{74887E01-85ED-4109-8202-7B2997A04611}.Debug|x86.Build.0 = Debug|Any CPU
		{74887E01-85ED-4109-8202-7B2997A04611}.Release|Any CPU.ActiveCfg = Release|Any CPU
		{74887E01-85ED-4109-8202-7B2997A04611}.Release|Any CPU.Build.0 = Release|Any CPU
		{74887E01-85ED-4109-8202-7B2997A04611}.Release|x64.ActiveCfg = Release|Any CPU
		{74887E01-85ED-4109-8202-7B2997A04611}.Release|x64.Build.0 = Release|Any CPU
		{74887E01-85ED-4109-8202-7B2997A04611}.Release|x86.ActiveCfg = Release|Any CPU
		{74887E01-85ED-4109-8202-7B2997A04611}.Release|x86.Build.0 = Release|Any CPU
	EndGlobalSection
	GlobalSection(SolutionProperties) = preSolution
		HideSolutionNode = FALSE
	EndGlobalSection
	GlobalSection(NestedProjects) = preSolution
		{6E152BF6-C532-46FD-98E3-E044E3D48473} = {827E0CD3-B72D-47B6-A68D-7590B98EB39B}
		{DDFA6121-BB30-4780-A0B8-FD55C02D4412} = {827E0CD3-B72D-47B6-A68D-7590B98EB39B}
		{4BAA298F-7463-4EE9-BBA1-FF6A88BE4FDE} = {827E0CD3-B72D-47B6-A68D-7590B98EB39B}
		{F95B17B7-6F13-4CA0-A9F7-D1BD5B2B2FCF} = {827E0CD3-B72D-47B6-A68D-7590B98EB39B}
		{83A272D1-9056-48AD-BF37-C1156824EDB4} = {0AB3BF05-4346-4AA6-1389-037BE0695223}
		{D5A5996F-F096-4E6B-A168-5F088C69D427} = {0AB3BF05-4346-4AA6-1389-037BE0695223}
		{74887E01-85ED-4109-8202-7B2997A04611} = {0AB3BF05-4346-4AA6-1389-037BE0695223}
	EndGlobalSection
EndGlobal
